
Microsoft Visual Studio Solution File, Format Version 12.00
# Visual Studio Version 17
VisualStudioVersion = 17.5.33627.172
MinimumVisualStudioVersion = 10.0.40219.1
Project("{9A19103F-16F7-4668-BE54-9A1E7A4F7556}") = "VKR_BlazorWASM", "VKR_BlazorWASM\VKR_BlazorWASM.csproj", "{EA3F331D-E64A-4798-98E3-BFCD4E400066}"
EndProject
Global
	GlobalSection(SolutionConfigurationPlatforms) = preSolution
		Debug|Any CPU = Debug|Any CPU
		Release|Any CPU = Release|Any CPU
	EndGlobalSection
	GlobalSection(ProjectConfigurationPlatforms) = postSolution
		{EA3F331D-E64A-4798-98E3-BFCD4E400066}.Debug|Any CPU.ActiveCfg = Debug|Any CPU
		{EA3F331D-E64A-4798-98E3-BFCD4E400066}.Debug|Any CPU.Build.0 = Debug|Any CPU
		{EA3F331D-E64A-4798-98E3-BFCD4E400066}.Release|Any CPU.ActiveCfg = Release|Any CPU
		{EA3F331D-E64A-4798-98E3-BFCD4E400066}.Release|Any CPU.Build.0 = Release|Any CPU
	EndGlobalSection
	GlobalSection(SolutionProperties) = preSolution
		HideSolutionNode = FALSE
	EndGlobalSection
	GlobalSection(ExtensibilityGlobals) = postSolution
		SolutionGuid = {89C4DE69-29BB-4B4B-8B3D-1E6CB12ECBE6}
	EndGlobalSection
EndGlobal
